Microsoft Visual Studio Solution File, Format Version 10.00
# Visual Studio 2008

Project("{D71DBD5F-D622-CC63-B923-AF20A67C84A3}") = "A.Mile.In.My.Paws.iphone.LATEST", "Assembly-CSharp-firstpass-vs.csproj", "{DFF445E3-CD49-8DF2-33B6-8EF03F3FB1DB}"
EndProject
Project("{D71DBD5F-D622-CC63-B923-AF20A67C84A3}") = "A.Mile.In.My.Paws.iphone.LATEST", "Assembly-CSharp-vs.csproj", "{E381D249-4FD8-3132-4355-0657C86BA6BE}"
EndProject
Project("{D71DBD5F-D622-CC63-B923-AF20A67C84A3}") = "A.Mile.In.My.Paws.iphone.LATEST", "Assembly-CSharp-Editor-firstpass-vs.csproj", "{9E16D7C2-19DF-A362-AC2C-B222A93AB404}"
EndProject
Global
	GlobalSection(SolutionConfigurationPlatforms) = preSolution
		Debug|Any CPU = Debug|Any CPU
		Release|Any CPU = Release|Any CPU
	EndGlobalSection
	GlobalSection(ProjectConfigurationPlatforms) = postSolution
		{DFF445E3-CD49-8DF2-33B6-8EF03F3FB1DB}.Debug|Any CPU.ActiveCfg = Debug|Any CPU
		{DFF445E3-CD49-8DF2-33B6-8EF03F3FB1DB}.Debug|Any CPU.Build.0 = Debug|Any CPU
		{DFF445E3-CD49-8DF2-33B6-8EF03F3FB1DB}.Release|Any CPU.ActiveCfg = Release|Any CPU
		{DFF445E3-CD49-8DF2-33B6-8EF03F3FB1DB}.Release|Any CPU.Build.0 = Release|Any CPU
		{E381D249-4FD8-3132-4355-0657C86BA6BE}.Debug|Any CPU.ActiveCfg = Debug|Any CPU
		{E381D249-4FD8-3132-4355-0657C86BA6BE}.Debug|Any CPU.Build.0 = Debug|Any CPU
		{E381D249-4FD8-3132-4355-0657C86BA6BE}.Release|Any CPU.ActiveCfg = Release|Any CPU
		{E381D249-4FD8-3132-4355-0657C86BA6BE}.Release|Any CPU.Build.0 = Release|Any CPU
		{9E16D7C2-19DF-A362-AC2C-B222A93AB404}.Debug|Any CPU.ActiveCfg = Debug|Any CPU
		{9E16D7C2-19DF-A362-AC2C-B222A93AB404}.Debug|Any CPU.Build.0 = Debug|Any CPU
		{9E16D7C2-19DF-A362-AC2C-B222A93AB404}.Release|Any CPU.ActiveCfg = Release|Any CPU
		{9E16D7C2-19DF-A362-AC2C-B222A93AB404}.Release|Any CPU.Build.0 = Release|Any CPU
	EndGlobalSection
	GlobalSection(SolutionProperties) = preSolution
		HideSolutionNode = FALSE
	EndGlobalSection
	
EndGlobal
